
Microsoft Visual Studio Solution File, Format Version 12.00
# Visual Studio 2017
Project("{FAE04EC0-301F-11D3-BF4B-00C04F79EFBC}") = "Infinity Scrollview for UGUI 1.3", "Infinity Scrollview for UGUI 1.3.csproj", "{B1334FDC-4170-2CED-B763-CFD8D9EFB7C5}"
EndProject
Project("{FAE04EC0-301F-11D3-BF4B-00C04F79EFBC}") = "Infinity Scrollview for UGUI 1.3.Editor", "Infinity Scrollview for UGUI 1.3.Editor.csproj", "{0B8116A9-C997-0216-7A75-69A32B5ABD87}"
EndProject
Global
	GlobalSection(SolutionConfigurationPlatforms) = preSolution
		Debug|Any CPU = Debug|Any CPU
		Release|Any CPU = Release|Any CPU
	EndGlobalSection
	GlobalSection(ProjectConfigurationPlatforms) = postSolution
		{B1334FDC-4170-2CED-B763-CFD8D9EFB7C5}.Debug|Any CPU.ActiveCfg = Debug|Any CPU
		{B1334FDC-4170-2CED-B763-CFD8D9EFB7C5}.Debug|Any CPU.Build.0 = Debug|Any CPU
		{B1334FDC-4170-2CED-B763-CFD8D9EFB7C5}.Release|Any CPU.ActiveCfg = Release|Any CPU
		{B1334FDC-4170-2CED-B763-CFD8D9EFB7C5}.Release|Any CPU.Build.0 = Release|Any CPU
		{0B8116A9-C997-0216-7A75-69A32B5ABD87}.Debug|Any CPU.ActiveCfg = Debug|Any CPU
		{0B8116A9-C997-0216-7A75-69A32B5ABD87}.Debug|Any CPU.Build.0 = Debug|Any CPU
		{0B8116A9-C997-0216-7A75-69A32B5ABD87}.Release|Any CPU.ActiveCfg = Release|Any CPU
		{0B8116A9-C997-0216-7A75-69A32B5ABD87}.Release|Any CPU.Build.0 = Release|Any CPU
	EndGlobalSection
	GlobalSection(SolutionProperties) = preSolution
		HideSolutionNode = FALSE
	EndGlobalSection
EndGlobal
